{
  "requires": true,
  "lockfileVersion": 1,
  "dependencies": {
    "@ionic-native/in-app-browser": {
      "version": "5.32.1",
      "resolved": "https://registry.npmjs.org/@ionic-native/in-app-browser/-/in-app-browser-5.32.1.tgz",
      "integrity": "sha512-Lp4mu1w6C99yr3RLOGtfOLTy776/XMehb650O0JSv76XwbJoJO3wSTOhuYWlT3sASA2ot1EOueZTllEe2+uvHg==",
      "requires": {
        "@types/cordova": "^0.0.34"
      }
    },
    "@types/cordova": {
      "version": "0.0.34",
      "resolved": "https://registry.npmjs.org/@types/cordova/-/cordova-0.0.34.tgz",
      "integrity": "sha1-6nrd907Ow9dimCegw54smt3HPQQ="
    },
    "cordova-plugin-inappbrowser": {
      "version": "5.0.0",
      "resolved": "https://registry.npmjs.org/cordova-plugin-inappbrowser/-/cordova-plugin-inappbrowser-5.0.0.tgz",
      "integrity": "sha512-MqnpmUQ/iy6hxtIGDdlIhy8aNi1pNanLATpbnkk7uCqW9YQ4rH/dGK9zESbZ50pUi2A2D2QMjBXNV175TJK5OQ=="
    }
  }
}
